<?xml version="1.0" encoding="utf-8"?>
<Project ToolsVersion="4.0" xmlns="http://schemas.microsoft.com/developer/msbuild/2003">
  <ItemGroup>
    <Filter Include="Source Files">
      <UniqueIdentifier>{d49f91a6-e64a-4d29-840b-44cce4a12a55}</UniqueIdentifier>
      <Extensions>cpp;c;cxx;rc;def;r;odl;idl;hpj;bat;f90;for;f;fpp</Extensions>
    </Filter>
    <Filter Include="Header Files">
      <UniqueIdentifier>{a38e3d19-b878-47b4-8391-2c3edeb3a331}</UniqueIdentifier>
      <Extensions>h;hpp;hxx;hm;inl;fi;fd</Extensions>
    </Filter>
    <Filter Include="Resource Files">
      <UniqueIdentifier>{4333fa9f-c182-4a98-93e0-273e82659ff9}</UniqueIdentifier>
      <Extensions>ico;cur;bmp;dlg;rc2;rct;bin;rgs;gif;jpg;jpeg;jpe</Extensions>
    </Filter>
  </ItemGroup>
  <ItemGroup>
    <CustomBuild Include="module.f90">
      <Filter>Source Files</Filter>
    </CustomBuild>
    <CustomBuild Include="print.f90">
      <Filter>Source Files</Filter>
    </CustomBuild>
    <CustomBuild Include="test.f90">
      <Filter>Source Files</Filter>
    </CustomBuild>
  </ItemGroup>
</Project>